[[package]]
name = "cassidy"
version = "0.1.4"
description = "String case conversion, identification and parsing"
category = "main"
optional = false
python-versions = ">=3.8,<4.0"

[[package]]
name = "enumb"
version = "0.1.5"
description = "Concise, Pythonic Enums"
category = "main"
optional = false
python-versions = ">=3.8,<4.0"

[package.dependencies]
cassidy = ">=0.1.2,<0.2.0"
expo = ">=0.1.1,<0.2.0"

[[package]]
name = "expo"
version = "0.1.2"
description = "Selectively expose module functionality"
category = "main"
optional = false
python-versions = ">=3.8,<4.0"

[[package]]
name = "parse"
version = "1.19.0"
description = "parse() is the opposite of format()"
category = "main"
optional = false
python-versions = "*"

[metadata]
lock-version = "1.1"
python-versions = "^3.8"
content-hash = "4a3d93ac684ae638f6e2726d554727356b07cc22e7673dc9eea771976b4cb018"

[metadata.files]
cassidy = [
    {file = "cassidy-0.1.4-py3-none-any.whl", hash = "sha256:9e6fdfff81accd7766f9b3e6665a1c0a914fd7b23c6da16d9face886bc1fb7d8"},
    {file = "cassidy-0.1.4.tar.gz", hash = "sha256:d51a0f4210a614f6b092e25fe29c981de0d9b769c42129b43708e8f847e22bee"},
]
enumb = [
    {file = "enumb-0.1.5-py3-none-any.whl", hash = "sha256:1fd798bc347eecb598de9f95bc71cedd96baea3d4ad95601bfc9e18700b1e097"},
    {file = "enumb-0.1.5.tar.gz", hash = "sha256:02a6eda94322ae06a52754e46be6d89310b21e0751a9fc5c9546e977b4fa1884"},
]
expo = [
    {file = "expo-0.1.2-py3-none-any.whl", hash = "sha256:a36d64c6954de353ee67491351362b04c1b3281acb69afa8534b41279ecd2306"},
    {file = "expo-0.1.2.tar.gz", hash = "sha256:df9042d9d73307bf987e89791b6e36744c5fa99f7464210e956e76d7fe3e84bd"},
]
parse = [
    {file = "parse-1.19.0.tar.gz", hash = "sha256:9ff82852bcb65d139813e2a5197627a94966245c897796760a3a2a8eb66f020b"},
]
